// !$*UTF8*$!
{
	archiveVersion = 1;
	classes = {
	};
	objectVersion = 55;
	objects = {

/* Begin PBXBuildFile section */
		2F59771F285891340019A666 /* LanguageSettings.swift in Sources */ = {isa = PBXBuildFile; fileRef = 2F59771E285891340019A666 /* LanguageSettings.swift */; };
		2F597721285891930019A666 /* TextRowView.swift in Sources */ = {isa = PBXBuildFile; fileRef = 2F597720285891930019A666 /* TextRowView.swift */; };
		2F5977272858A3DD0019A666 /* SettingView.swift in Sources */ = {isa = PBXBuildFile; fileRef = 2F5977262858A3DD0019A666 /* SettingView.swift */; };
		2F59772F2858C8180019A666 /* Constants.swift in Sources */ = {isa = PBXBuildFile; fileRef = 2F59772E2858C8180019A666 /* Constants.swift */; };
		2F6DCEEC284F659200A045AE /* LanguageSettingSwiftApp.swift in Sources */ = {isa = PBXBuildFile; fileRef = 2F6DCEEB284F659200A045AE /* LanguageSettingSwiftApp.swift */; };
		2F6DCEEE284F659200A045AE /* ContentView.swift in Sources */ = {isa = PBXBuildFile; fileRef = 2F6DCEED284F659200A045AE /* ContentView.swift */; };
		2F6DCEF0284F659300A045AE /* Assets.xcassets in Resources */ = {isa = PBXBuildFile; fileRef = 2F6DCEEF284F659300A045AE /* Assets.xcassets */; };
		2F6DCEF3284F659300A045AE /* Preview Assets.xcassets in Resources */ = {isa = PBXBuildFile; fileRef = 2F6DCEF2284F659300A045AE /* Preview Assets.xcassets */; };
		2F6DCEF5284F659300A045AE /* Persistence.swift in Sources */ = {isa = PBXBuildFile; fileRef = 2F6DCEF4284F659300A045AE /* Persistence.swift */; };
		2F6DCEF8284F659300A045AE /* LanguageSettingSwift.xcdatamodeld in Sources */ = {isa = PBXBuildFile; fileRef = 2F6DCEF6284F659300A045AE /* LanguageSettingSwift.xcdatamodeld */; };
		2F6DCF0E284F6AFA00A045AE /* Localizable.strings in Resources */ = {isa = PBXBuildFile; fileRef = 2F6DCF10284F6AFA00A045AE /* Localizable.strings */; };
/* End PBXBuildFile section */

/* Begin PBXFileReference section */
		2F59771E285891340019A666 /* LanguageSettings.swift */ = {isa = PBXFileReference; lastKnownFileType = sourcecode.swift; path = LanguageSettings.swift; sourceTree = "<group>"; };
		2F597720285891930019A666 /* TextRowView.swift */ = {isa = PBXFileReference; lastKnownFileType = sourcecode.swift; path = TextRowView.swift; sourceTree = "<group>"; };
		2F5977262858A3DD0019A666 /* SettingView.swift */ = {isa = PBXFileReference; lastKnownFileType = sourcecode.swift; path = SettingView.swift; sourceTree = "<group>"; };
		2F59772E2858C8180019A666 /* Constants.swift */ = {isa = PBXFileReference; lastKnownFileType = sourcecode.swift; path = Constants.swift; sourceTree = "<group>"; };
		2F5977302859D62E0019A666 /* zh-Hans */ = {isa = PBXFileReference; lastKnownFileType = text.plist.strings; name = "zh-Hans"; path = "zh-Hans.lproj/Localizable.strings"; sourceTree = "<group>"; };
		2F5977312859D6930019A666 /* ja */ = {isa = PBXFileReference; lastKnownFileType = text.plist.strings; name = ja; path = ja.lproj/Localizable.strings; sourceTree = "<group>"; };
		2F6DCEE8284F659200A045AE /* LanguageSettingSwift.app */ = {isa = PBXFileReference; explicitFileType = wrapper.application; includeInIndex = 0; path = LanguageSettingSwift.app; sourceTree = BUILT_PRODUCTS_DIR; };
		2F6DCEEB284F659200A045AE /* LanguageSettingSwiftApp.swift */ = {isa = PBXFileReference; lastKnownFileType = sourcecode.swift; path = LanguageSettingSwiftApp.swift; sourceTree = "<group>"; };
		2F6DCEED284F659200A045AE /* ContentView.swift */ = {isa = PBXFileReference; lastKnownFileType = sourcecode.swift; path = ContentView.swift; sourceTree = "<group>"; };
		2F6DCEEF284F659300A045AE /* Assets.xcassets */ = {isa = PBXFileReference; lastKnownFileType = folder.assetcatalog; path = Assets.xcassets; sourceTree = "<group>"; };
		2F6DCEF2284F659300A045AE /* Preview Assets.xcassets */ = {isa = PBXFileReference; lastKnownFileType = folder.assetcatalog; path = "Preview Assets.xcassets"; sourceTree = "<group>"; };
		2F6DCEF4284F659300A045AE /* Persistence.swift */ = {isa = PBXFileReference; lastKnownFileType = sourcecode.swift; path = Persistence.swift; sourceTree = "<group>"; };
		2F6DCEF7284F659300A045AE /* LanguageSettingSwift.xcdatamodel */ = {isa = PBXFileReference; lastKnownFileType = wrapper.xcdatamodel; path = LanguageSettingSwift.xcdatamodel; sourceTree = "<group>"; };
		2F6DCF00284F66ED00A045AE /* Info.plist */ = {isa = PBXFileReference; lastKnownFileType = text.plist; path = Info.plist; sourceTree = "<group>"; };
		2F6DCF0F284F6AFA00A045AE /* en */ = {isa = PBXFileReference; lastKnownFileType = text.plist.strings; name = en; path = en.lproj/Localizable.strings; sourceTree = "<group>"; };
/* End PBXFileReference section */

/* Begin PBXFrameworksBuildPhase section */
		2F6DCEE5284F659200A045AE /* Frameworks */ = {
			isa = PBXFrameworksBuildPhase;
			buildActionMask = 2147483647;
			files = (
			);
			runOnlyForDeploymentPostprocessing = 0;
		};
/* End PBXFrameworksBuildPhase section */

/* Begin PBXGroup section */
		2F5977222858968F0019A666 /* App */ = {
			isa = PBXGroup;
			children = (
				2F6DCEEB284F659200A045AE /* LanguageSettingSwiftApp.swift */,
				2F6DCEED284F659200A045AE /* ContentView.swift */,
				2F5977262858A3DD0019A666 /* SettingView.swift */,
			);
			path = App;
			sourceTree = "<group>";
		};
		2F597723285896960019A666 /* View */ = {
			isa = PBXGroup;
			children = (
				2F597720285891930019A666 /* TextRowView.swift */,
			);
			path = View;
			sourceTree = "<group>";
		};
		2F5977242858969C0019A666 /* Model */ = {
			isa = PBXGroup;
			children = (
				2F59771E285891340019A666 /* LanguageSettings.swift */,
			);
			path = Model;
			sourceTree = "<group>";
		};
		2F59772D2858C80C0019A666 /* Utility */ = {
			isa = PBXGroup;
			children = (
				2F59772E2858C8180019A666 /* Constants.swift */,
			);
			path = Utility;
			sourceTree = "<group>";
		};
		2F6DCEDF284F659200A045AE = {
			isa = PBXGroup;
			children = (
				2F6DCEEA284F659200A045AE /* LanguageSettingSwift */,
				2F6DCEE9284F659200A045AE /* Products */,
			);
			sourceTree = "<group>";
		};
		2F6DCEE9284F659200A045AE /* Products */ = {
			isa = PBXGroup;
			children = (
				2F6DCEE8284F659200A045AE /* LanguageSettingSwift.app */,
			);
			name = Products;
			sourceTree = "<group>";
		};
		2F6DCEEA284F659200A045AE /* LanguageSettingSwift */ = {
			isa = PBXGroup;
			children = (
				2F6DCF00284F66ED00A045AE /* Info.plist */,
				2F59772D2858C80C0019A666 /* Utility */,
				2F5977222858968F0019A666 /* App */,
				2F597723285896960019A666 /* View */,
				2F5977242858969C0019A666 /* Model */,
				2F6DCEEF284F659300A045AE /* Assets.xcassets */,
				2F6DCEF4284F659300A045AE /* Persistence.swift */,
				2F6DCEF6284F659300A045AE /* LanguageSettingSwift.xcdatamodeld */,
				2F6DCEF1284F659300A045AE /* Preview Content */,
				2F6DCF10284F6AFA00A045AE /* Localizable.strings */,
			);
			path = LanguageSettingSwift;
			sourceTree = "<group>";
		};
		2F6DCEF1284F659300A045AE /* Preview Content */ = {
			isa = PBXGroup;
			children = (
				2F6DCEF2284F659300A045AE /* Preview Assets.xcassets */,
			);
			path = "Preview Content";
			sourceTree = "<group>";
		};
/* End PBXGroup section */

/* Begin PBXNativeTarget section */
		2F6DCEE7284F659200A045AE /* LanguageSettingSwift */ = {
			isa = PBXNativeTarget;
			buildConfigurationList = 2F6DCEFB284F659300A045AE /* Build configuration list for PBXNativeTarget "LanguageSettingSwift" */;
			buildPhases = (
				2F6DCEE4284F659200A045AE /* Sources */,
				2F6DCEE5284F659200A045AE /* Frameworks */,
				2F6DCEE6284F659200A045AE /* Resources */,
			);
			buildRules = (
			);
			dependencies = (
			);
			name = LanguageSettingSwift;
			productName = LanguageSettingSwift;
			productReference = 2F6DCEE8284F659200A045AE /* LanguageSettingSwift.app */;
			productType = "com.apple.product-type.application";
		};
/* End PBXNativeTarget section */

/* Begin PBXProject section */
		2F6DCEE0284F659200A045AE /* Project object */ = {
			isa = PBXProject;
			attributes = {
				BuildIndependentTargetsInParallel = 1;
				LastSwiftUpdateCheck = 1340;
				LastUpgradeCheck = 1340;
				TargetAttributes = {
					2F6DCEE7284F659200A045AE = {
						CreatedOnToolsVersion = 13.4;
					};
				};
			};
			buildConfigurationList = 2F6DCEE3284F659200A045AE /* Build configuration list for PBXProject "LanguageSettingSwift" */;
			compatibilityVersion = "Xcode 13.0";
			developmentRegion = en;
			hasScannedForEncodings = 0;
			knownRegions = (
				en,
				Base,
				"zh-Hans",
				ja,
			);
			mainGroup = 2F6DCEDF284F659200A045AE;
			productRefGroup = 2F6DCEE9284F659200A045AE /* Products */;
			projectDirPath = "";
			projectRoot = "";
			targets = (
				2F6DCEE7284F659200A045AE /* LanguageSettingSwift */,
			);
		};
/* End PBXProject section */

/* Begin PBXResourcesBuildPhase section */
		2F6DCEE6284F659200A045AE /* Resources */ = {
			isa = PBXResourcesBuildPhase;
			buildActionMask = 2147483647;
			files = (
				2F6DCEF3284F659300A045AE /* Preview Assets.xcassets in Resources */,
				2F6DCF0E284F6AFA00A045AE /* Localizable.strings in Resources */,
				2F6DCEF0284F659300A045AE /* Assets.xcassets in Resources */,
			);
			runOnlyForDeploymentPostprocessing = 0;
		};
/* End PBXResourcesBuildPhase section */

/* Begin PBXSourcesBuildPhase section */
		2F6DCEE4284F659200A045AE /* Sources */ = {
			isa = PBXSourcesBuildPhase;
			buildActionMask = 2147483647;
			files = (
				2F59771F285891340019A666 /* LanguageSettings.swift in Sources */,
				2F6DCEF8284F659300A045AE /* LanguageSettingSwift.xcdatamodeld in Sources */,
				2F6DCEF5284F659300A045AE /* Persistence.swift in Sources */,
				2F5977272858A3DD0019A666 /* SettingView.swift in Sources */,
				2F6DCEEE284F659200A045AE /* ContentView.swift in Sources */,
				2F597721285891930019A666 /* TextRowView.swift in Sources */,
				2F6DCEEC284F659200A045AE /* LanguageSettingSwiftApp.swift in Sources */,
				2F59772F2858C8180019A666 /* Constants.swift in Sources */,
			);
			runOnlyForDeploymentPostprocessing = 0;
		};
/* End PBXSourcesBuildPhase section */

/* Begin PBXVariantGroup section */
		2F6DCF10284F6AFA00A045AE /* Localizable.strings */ = {
			isa = PBXVariantGroup;
			children = (
				2F6DCF0F284F6AFA00A045AE /* en */,
				2F5977302859D62E0019A666 /* zh-Hans */,
				2F5977312859D6930019A666 /* ja */,
			);
			name = Localizable.strings;
			sourceTree = "<group>";
		};
/* End PBXVariantGroup section */

/* Begin XCBuildConfiguration section */
		2F6DCEF9284F659300A045AE /* Debug */ = {
			isa = XCBuildConfiguration;
			buildSettings = {
				ALWAYS_SEARCH_USER_PATHS = NO;
				CLANG_ANALYZER_LOCALIZABILITY_NONLOCALIZED = YES;
				CLANG_ANALYZER_NONNULL = YES;
				CLANG_ANALYZER_NUMBER_OBJECT_CONVERSION = YES_AGGRESSIVE;
				CLANG_CXX_LANGUAGE_STANDARD = "gnu++17";
				CLANG_ENABLE_MODULES = YES;
				CLANG_ENABLE_OBJC_ARC = YES;
				CLANG_ENABLE_OBJC_WEAK = YES;
				CLANG_WARN_BLOCK_CAPTURE_AUTORELEASING = YES;
				CLANG_WARN_BOOL_CONVERSION = YES;
				CLANG_WARN_COMMA = YES;
				CLANG_WARN_CONSTANT_CONVERSION = YES;
				CLANG_WARN_DEPRECATED_OBJC_IMPLEMENTATIONS = YES;
				CLANG_WARN_DIRECT_OBJC_ISA_USAGE = YES_ERROR;
				CLANG_WARN_DOCUMENTATION_COMMENTS = YES;
				CLANG_WARN_EMPTY_BODY = YES;
				CLANG_WARN_ENUM_CONVERSION = YES;
				CLANG_WARN_INFINITE_RECURSION = YES;
				CLANG_WARN_INT_CONVERSION = YES;
				CLANG_WARN_NON_LITERAL_NULL_CONVERSION = YES;
				CLANG_WARN_OBJC_IMPLICIT_RETAIN_SELF = YES;
				CLANG_WARN_OBJC_LITERAL_CONVERSION = YES;
				CLANG_WARN_OBJC_ROOT_CLASS = YES_ERROR;
				CLANG_WARN_QUOTED_INCLUDE_IN_FRAMEWORK_HEADER = YES;
				CLANG_WARN_RANGE_LOOP_ANALYSIS = YES;
				CLANG_WARN_STRICT_PROTOTYPES = YES;
				CLANG_WARN_SUSPICIOUS_MOVE = YES;
				CLANG_WARN_UNGUARDED_AVAILABILITY = YES_AGGRESSIVE;
				CLANG_WARN_UNREACHABLE_CODE = YES;
				CLANG_WARN__DUPLICATE_METHOD_MATCH = YES;
				COPY_PHASE_STRIP = NO;
				DEBUG_INFORMATION_FORMAT = dwarf;
				ENABLE_STRICT_OBJC_MSGSEND = YES;
				ENABLE_TESTABILITY = YES;
				GCC_C_LANGUAGE_STANDARD = gnu11;
				GCC_DYNAMIC_NO_PIC = NO;
				GCC_NO_COMMON_BLOCKS = YES;
				GCC_OPTIMIZATION_LEVEL = 0;
				GCC_PREPROCESSOR_DEFINITIONS = (
					"DEBUG=1",
					"$(inherited)",
				);
				GCC_WARN_64_TO_32_BIT_CONVERSION = YES;
				GCC_WARN_ABOUT_RETURN_TYPE = YES_ERROR;
				GCC_WARN_UNDECLARED_SELECTOR = YES;
				GCC_WARN_UNINITIALIZED_AUTOS = YES_AGGRESSIVE;
				GCC_WARN_UNUSED_FUNCTION = YES;
				GCC_WARN_UNUSED_VARIABLE = YES;
				IPHONEOS_DEPLOYMENT_TARGET = 15.5;
				MTL_ENABLE_DEBUG_INFO = INCLUDE_SOURCE;
				MTL_FAST_MATH = YES;
				ONLY_ACTIVE_ARCH = YES;
				SDKROOT = iphoneos;
				SWIFT_ACTIVE_COMPILATION_CONDITIONS = DEBUG;
				SWIFT_OPTIMIZATION_LEVEL = "-Onone";
			};
			name = Debug;
		};
		2F6DCEFA284F659300A045AE /* Release */ = {
			isa = XCBuildConfiguration;
			buildSettings = {
				ALWAYS_SEARCH_USER_PATHS = NO;
				CLANG_ANALYZER_LOCALIZABILITY_NONLOCALIZED = YES;
				CLANG_ANALYZER_NONNULL = YES;
				CLANG_ANALYZER_NUMBER_OBJECT_CONVERSION = YES_AGGRESSIVE;
				CLANG_CXX_LANGUAGE_STANDARD = "gnu++17";
				CLANG_ENABLE_MODULES = YES;
				CLANG_ENABLE_OBJC_ARC = YES;
				CLANG_ENABLE_OBJC_WEAK = YES;
				CLANG_WARN_BLOCK_CAPTURE_AUTORELEASING = YES;
				CLANG_WARN_BOOL_CONVERSION = YES;
				CLANG_WARN_COMMA = YES;
				CLANG_WARN_CONSTANT_CONVERSION = YES;
				CLANG_WARN_DEPRECATED_OBJC_IMPLEMENTATIONS = YES;
				CLANG_WARN_DIRECT_OBJC_ISA_USAGE = YES_ERROR;
				CLANG_WARN_DOCUMENTATION_COMMENTS = YES;
				CLANG_WARN_EMPTY_BODY = YES;
				CLANG_WARN_ENUM_CONVERSION = YES;
				CLANG_WARN_INFINITE_RECURSION = YES;
				CLANG_WARN_INT_CONVERSION = YES;
				CLANG_WARN_NON_LITERAL_NULL_CONVERSION = YES;
				CLANG_WARN_OBJC_IMPLICIT_RETAIN_SELF = YES;
				CLANG_WARN_OBJC_LITERAL_CONVERSION = YES;
				CLANG_WARN_OBJC_ROOT_CLASS = YES_ERROR;
				CLANG_WARN_QUOTED_INCLUDE_IN_FRAMEWORK_HEADER = YES;
				CLANG_WARN_RANGE_LOOP_ANALYSIS = YES;
				CLANG_WARN_STRICT_PROTOTYPES = YES;
				CLANG_WARN_SUSPICIOUS_MOVE = YES;
				CLANG_WARN_UNGUARDED_AVAILABILITY = YES_AGGRESSIVE;
				CLANG_WARN_UNREACHABLE_CODE = YES;
				CLANG_WARN__DUPLICATE_METHOD_MATCH = YES;
				COPY_PHASE_STRIP = NO;
				DEBUG_INFORMATION_FORMAT = "dwarf-with-dsym";
				ENABLE_NS_ASSERTIONS = NO;
				ENABLE_STRICT_OBJC_MSGSEND = YES;
				GCC_C_LANGUAGE_STANDARD = gnu11;
				GCC_NO_COMMON_BLOCKS = YES;
				GCC_WARN_64_TO_32_BIT_CONVERSION = YES;
				GCC_WARN_ABOUT_RETURN_TYPE = YES_ERROR;
				GCC_WARN_UNDECLARED_SELECTOR = YES;
				GCC_WARN_UNINITIALIZED_AUTOS = YES_AGGRESSIVE;
				GCC_WARN_UNUSED_FUNCTION = YES;
				GCC_WARN_UNUSED_VARIABLE = YES;
				IPHONEOS_DEPLOYMENT_TARGET = 15.5;
				MTL_ENABLE_DEBUG_INFO = NO;
				MTL_FAST_MATH = YES;
				SDKROOT = iphoneos;
				SWIFT_COMPILATION_MODE = wholemodule;
				SWIFT_OPTIMIZATION_LEVEL = "-O";
				VALIDATE_PRODUCT = YES;
			};
			name = Release;
		};
		2F6DCEFC284F659300A045AE /* Debug */ = {
			isa = XCBuildConfiguration;
			buildSettings = {
				ASSETCATALOG_COMPILER_APPICON_NAME = AppIcon;
				ASSETCATALOG_COMPILER_GLOBAL_ACCENT_COLOR_NAME = AccentColor;
				CODE_SIGN_STYLE = Automatic;
				CURRENT_PROJECT_VERSION = 1;
				DEVELOPMENT_ASSET_PATHS = "\"LanguageSettingSwift/Preview Content\"";
				ENABLE_PREVIEWS = YES;
				GENERATE_INFOPLIST_FILE = YES;
				INFOPLIST_FILE = LanguageSettingSwift/Info.plist;
				INFOPLIST_KEY_UIApplicationSceneManifest_Generation = YES;
				INFOPLIST_KEY_UIApplicationSupportsIndirectInputEvents = YES;
				INFOPLIST_KEY_UILaunchScreen_Generation = YES;
				INFOPLIST_KEY_UISupportedInterfaceOrientations_iPad = "UIInterfaceOrientationPortrait UIInterfaceOrientationPortraitUpsideDown UIInterfaceOrientationLandscapeLeft UIInterfaceOrientationLandscapeRight";
				INFOPLIST_KEY_UISupportedInterfaceOrientations_iPhone = "UIInterfaceOrientationPortrait UIInterfaceOrientationLandscapeLeft UIInterfaceOrientationLandscapeRight";
				LD_RUNPATH_SEARCH_PATHS = (
					"$(inherited)",
					"@executable_path/Frameworks",
				);
				MARKETING_VERSION = 1.0;
				PRODUCT_BUNDLE_IDENTIFIER = j.yang.LanguageSettingSwift;
				PRODUCT_NAME = "$(TARGET_NAME)";
				SWIFT_EMIT_LOC_STRINGS = YES;
				SWIFT_VERSION = 5.0;
				TARGETED_DEVICE_FAMILY = "1,2";
			};
			name = Debug;
		};
		2F6DCEFD284F659300A045AE /* Release */ = {
			isa = XCBuildConfiguration;
			buildSettings = {
				ASSETCATALOG_COMPILER_APPICON_NAME = AppIcon;
				ASSETCATALOG_COMPILER_GLOBAL_ACCENT_COLOR_NAME = AccentColor;
				CODE_SIGN_STYLE = Automatic;
				CURRENT_PROJECT_VERSION = 1;
				DEVELOPMENT_ASSET_PATHS = "\"LanguageSettingSwift/Preview Content\"";
				ENABLE_PREVIEWS = YES;
				GENERATE_INFOPLIST_FILE = YES;
				INFOPLIST_FILE = LanguageSettingSwift/Info.plist;
				INFOPLIST_KEY_UIApplicationSceneManifest_Generation = YES;
				INFOPLIST_KEY_UIApplicationSupportsIndirectInputEvents = YES;
				INFOPLIST_KEY_UILaunchScreen_Generation = YES;
				INFOPLIST_KEY_UISupportedInterfaceOrientations_iPad = "UIInterfaceOrientationPortrait UIInterfaceOrientationPortraitUpsideDown UIInterfaceOrientationLandscapeLeft UIInterfaceOrientationLandscapeRight";
				INFOPLIST_KEY_UISupportedInterfaceOrientations_iPhone = "UIInterfaceOrientationPortrait UIInterfaceOrientationLandscapeLeft UIInterfaceOrientationLandscapeRight";
				LD_RUNPATH_SEARCH_PATHS = (
					"$(inherited)",
					"@executable_path/Frameworks",
				);
				MARKETING_VERSION = 1.0;
				PRODUCT_BUNDLE_IDENTIFIER = j.yang.LanguageSettingSwift;
				PRODUCT_NAME = "$(TARGET_NAME)";
				SWIFT_EMIT_LOC_STRINGS = YES;
				SWIFT_VERSION = 5.0;
				TARGETED_DEVICE_FAMILY = "1,2";
			};
			name = Release;
		};
/* End XCBuildConfiguration section */

/* Begin XCConfigurationList section */
		2F6DCEE3284F659200A045AE /* Build configuration list for PBXProject "LanguageSettingSwift" */ = {
			isa = XCConfigurationList;
			buildConfigurations = (
				2F6DCEF9284F659300A045AE /* Debug */,
				2F6DCEFA284F659300A045AE /* Release */,
			);
			defaultConfigurationIsVisible = 0;
			defaultConfigurationName = Release;
		};
		2F6DCEFB284F659300A045AE /* Build configuration list for PBXNativeTarget "LanguageSettingSwift" */ = {
			isa = XCConfigurationList;
			buildConfigurations = (
				2F6DCEFC284F659300A045AE /* Debug */,
				2F6DCEFD284F659300A045AE /* Release */,
			);
			defaultConfigurationIsVisible = 0;
			defaultConfigurationName = Release;
		};
/* End XCConfigurationList section */

/* Begin XCVersionGroup section */
		2F6DCEF6284F659300A045AE /* LanguageSettingSwift.xcdatamodeld */ = {
			isa = XCVersionGroup;
			children = (
				2F6DCEF7284F659300A045AE /* LanguageSettingSwift.xcdatamodel */,
			);
			currentVersion = 2F6DCEF7284F659300A045AE /* LanguageSettingSwift.xcdatamodel */;
			path = LanguageSettingSwift.xcdatamodeld;
			sourceTree = "<group>";
			versionGroupType = wrapper.xcdatamodel;
		};
/* End XCVersionGroup section */
	};
	rootObject = 2F6DCEE0284F659200A045AE /* Project object */;
}
